// !$*UTF8*$!
{
	archiveVersion = 1;
	classes = {
	};
	objectVersion = 46;
	objects = {

/* Begin PBXBuildFile section */
		DEDA58CC1CA2FDAB004999E8 /* main.m in Sources */ = {isa = PBXBuildFile; fileRef = DEDA58CB1CA2FDAB004999E8 /* main.m */; };
		DEDA58CF1CA2FDAB004999E8 /* AppDelegate.m in Sources */ = {isa = PBXBuildFile; fileRef = DEDA58CE1CA2FDAB004999E8 /* AppDelegate.m */; };
		DEDA58D21CA2FDAB004999E8 /* ViewController.m in Sources */ = {isa = PBXBuildFile; fileRef = DEDA58D11CA2FDAB004999E8 /* ViewController.m */; };
		DEDA58D51CA2FDAB004999E8 /* Main.storyboard in Resources */ = {isa = PBXBuildFile; fileRef = DEDA58D31CA2FDAB004999E8 /* Main.storyboard */; };
		DEDA58D71CA2FDAB004999E8 /* Assets.xcassets in Resources */ = {isa = PBXBuildFile; fileRef = DEDA58D61CA2FDAB004999E8 /* Assets.xcassets */; };
		DEDA58DA1CA2FDAB004999E8 /* LaunchScreen.storyboard in Resources */ = {isa = PBXBuildFile; fileRef = DEDA58D81CA2FDAB004999E8 /* LaunchScreen.storyboard */; };
		DEDA58E51CA2FDAB004999E8 /* _DTouchTests.m in Sources */ = {isa = PBXBuildFile; fileRef = DEDA58E41CA2FDAB004999E8 /* _DTouchTests.m */; };
		DEDA58F01CA2FDAB004999E8 /* _DTouchUITests.m in Sources */ = {isa = PBXBuildFile; fileRef = DEDA58EF1CA2FDAB004999E8 /* _DTouchUITests.m */; };
/* End PBXBuildFile section */

/* Begin PBXContainerItemProxy section */
		DEDA58E11CA2FDAB004999E8 /* PBXContainerItemProxy */ = {
			isa = PBXContainerItemProxy;
			containerPortal = DEDA58BF1CA2FDAB004999E8 /* Project object */;
			proxyType = 1;
			remoteGlobalIDString = DEDA58C61CA2FDAB004999E8;
			remoteInfo = 3DTouch;
		};
		DEDA58EC1CA2FDAB004999E8 /* PBXContainerItemProxy */ = {
			isa = PBXContainerItemProxy;
			containerPortal = DEDA58BF1CA2FDAB004999E8 /* Project object */;
			proxyType = 1;
			remoteGlobalIDString = DEDA58C61CA2FDAB004999E8;
			remoteInfo = 3DTouch;
		};
/* End PBXContainerItemProxy section */

/* Begin PBXFileReference section */
		DEDA58C71CA2FDAB004999E8 /* 3DTouch.app */ = {isa = PBXFileReference; explicitFileType = wrapper.application; includeInIndex = 0; path = 3DTouch.app; sourceTree = BUILT_PRODUCTS_DIR; };
		DEDA58CB1CA2FDAB004999E8 /* main.m */ = {isa = PBXFileReference; lastKnownFileType = sourcecode.c.objc; path = main.m; sourceTree = "<group>"; };
		DEDA58CD1CA2FDAB004999E8 /* AppDelegate.h */ = {isa = PBXFileReference; lastKnownFileType = sourcecode.c.h; path = AppDelegate.h; sourceTree = "<group>"; };
		DEDA58CE1CA2FDAB004999E8 /* AppDelegate.m */ = {isa = PBXFileReference; lastKnownFileType = sourcecode.c.objc; path = AppDelegate.m; sourceTree = "<group>"; };
		DEDA58D01CA2FDAB004999E8 /* ViewController.h */ = {isa = PBXFileReference; lastKnownFileType = sourcecode.c.h; path = ViewController.h; sourceTree = "<group>"; };
		DEDA58D11CA2FDAB004999E8 /* ViewController.m */ = {isa = PBXFileReference; lastKnownFileType = sourcecode.c.objc; path = ViewController.m; sourceTree = "<group>"; };
		DEDA58D41CA2FDAB004999E8 /* Base */ = {isa = PBXFileReference; lastKnownFileType = file.storyboard; name = Base; path = Base.lproj/Main.storyboard; sourceTree = "<group>"; };
		DEDA58D61CA2FDAB004999E8 /* Assets.xcassets */ = {isa = PBXFileReference; lastKnownFileType = folder.assetcatalog; path = Assets.xcassets; sourceTree = "<group>"; };
		DEDA58D91CA2FDAB004999E8 /* Base */ = {isa = PBXFileReference; lastKnownFileType = file.storyboard; name = Base; path = Base.lproj/LaunchScreen.storyboard; sourceTree = "<group>"; };
		DEDA58DB1CA2FDAB004999E8 /* Info.plist */ = {isa = PBXFileReference; lastKnownFileType = text.plist.xml; path = Info.plist; sourceTree = "<group>"; };
		DEDA58E01CA2FDAB004999E8 /* 3DTouchTests.xctest */ = {isa = PBXFileReference; explicitFileType = wrapper.cfbundle; includeInIndex = 0; path = 3DTouchTests.xctest; sourceTree = BUILT_PRODUCTS_DIR; };
		DEDA58E41CA2FDAB004999E8 /* _DTouchTests.m */ = {isa = PBXFileReference; lastKnownFileType = sourcecode.c.objc; path = _DTouchTests.m; sourceTree = "<group>"; };
		DEDA58E61CA2FDAB004999E8 /* Info.plist */ = {isa = PBXFileReference; lastKnownFileType = text.plist.xml; path = Info.plist; sourceTree = "<group>"; };
		DEDA58EB1CA2FDAB004999E8 /* 3DTouchUITests.xctest */ = {isa = PBXFileReference; explicitFileType = wrapper.cfbundle; includeInIndex = 0; path = 3DTouchUITests.xctest; sourceTree = BUILT_PRODUCTS_DIR; };
		DEDA58EF1CA2FDAB004999E8 /* _DTouchUITests.m */ = {isa = PBXFileReference; lastKnownFileType = sourcecode.c.objc; path = _DTouchUITests.m; sourceTree = "<group>"; };
		DEDA58F11CA2FDAB004999E8 /* Info.plist */ = {isa = PBXFileReference; lastKnownFileType = text.plist.xml; path = Info.plist; sourceTree = "<group>"; };
/* End PBXFileReference section */

/* Begin PBXFrameworksBuildPhase section */
		DEDA58C41CA2FDAB004999E8 /* Frameworks */ = {
			isa = PBXFrameworksBuildPhase;
			buildActionMask = 2147483647;
			files = (
			);
			runOnlyForDeploymentPostprocessing = 0;
		};
		DEDA58DD1CA2FDAB004999E8 /* Frameworks */ = {
			isa = PBXFrameworksBuildPhase;
			buildActionMask = 2147483647;
			files = (
			);
			runOnlyForDeploymentPostprocessing = 0;
		};
		DEDA58E81CA2FDAB004999E8 /* Frameworks */ = {
			isa = PBXFrameworksBuildPhase;
			buildActionMask = 2147483647;
			files = (
			);
			runOnlyForDeploymentPostprocessing = 0;
		};
/* End PBXFrameworksBuildPhase section */

/* Begin PBXGroup section */
		DEDA58BE1CA2FDAB004999E8 = {
			isa = PBXGroup;
			children = (
				DEDA58C91CA2FDAB004999E8 /* 3DTouch */,
				DEDA58E31CA2FDAB004999E8 /* 3DTouchTests */,
				DEDA58EE1CA2FDAB004999E8 /* 3DTouchUITests */,
				DEDA58C81CA2FDAB004999E8 /* Products */,
			);
			sourceTree = "<group>";
		};
		DEDA58C81CA2FDAB004999E8 /* Products */ = {
			isa = PBXGroup;
			children = (
				DEDA58C71CA2FDAB004999E8 /* 3DTouch.app */,
				DEDA58E01CA2FDAB004999E8 /* 3DTouchTests.xctest */,
				DEDA58EB1CA2FDAB004999E8 /* 3DTouchUITests.xctest */,
			);
			name = Products;
			sourceTree = "<group>";
		};
		DEDA58C91CA2FDAB004999E8 /* 3DTouch */ = {
			isa = PBXGroup;
			children = (
				DEDA58CD1CA2FDAB004999E8 /* AppDelegate.h */,
				DEDA58CE1CA2FDAB004999E8 /* AppDelegate.m */,
				DEDA58D01CA2FDAB004999E8 /* ViewController.h */,
				DEDA58D11CA2FDAB004999E8 /* ViewController.m */,
				DEDA58D31CA2FDAB004999E8 /* Main.storyboard */,
				DEDA58D61CA2FDAB004999E8 /* Assets.xcassets */,
				DEDA58D81CA2FDAB004999E8 /* LaunchScreen.storyboard */,
				DEDA58DB1CA2FDAB004999E8 /* Info.plist */,
				DEDA58CA1CA2FDAB004999E8 /* Supporting Files */,
			);
			path = 3DTouch;
			sourceTree = "<group>";
		};
		DEDA58CA1CA2FDAB004999E8 /* Supporting Files */ = {
			isa = PBXGroup;
			children = (
				DEDA58CB1CA2FDAB004999E8 /* main.m */,
			);
			name = "Supporting Files";
			sourceTree = "<group>";
		};
		DEDA58E31CA2FDAB004999E8 /* 3DTouchTests */ = {
			isa = PBXGroup;
			children = (
				DEDA58E41CA2FDAB004999E8 /* _DTouchTests.m */,
				DEDA58E61CA2FDAB004999E8 /* Info.plist */,
			);
			path = 3DTouchTests;
			sourceTree = "<group>";
		};
		DEDA58EE1CA2FDAB004999E8 /* 3DTouchUITests */ = {
			isa = PBXGroup;
			children = (
				DEDA58EF1CA2FDAB004999E8 /* _DTouchUITests.m */,
				DEDA58F11CA2FDAB004999E8 /* Info.plist */,
			);
			path = 3DTouchUITests;
			sourceTree = "<group>";
		};
/* End PBXGroup section */

/* Begin PBXNativeTarget section */
		DEDA58C61CA2FDAB004999E8 /* 3DTouch */ = {
			isa = PBXNativeTarget;
			buildConfigurationList = DEDA58F41CA2FDAB004999E8 /* Build configuration list for PBXNativeTarget "3DTouch" */;
			buildPhases = (
				DEDA58C31CA2FDAB004999E8 /* Sources */,
				DEDA58C41CA2FDAB004999E8 /* Frameworks */,
				DEDA58C51CA2FDAB004999E8 /* Resources */,
			);
			buildRules = (
			);
			dependencies = (
			);
			name = 3DTouch;
			productName = 3DTouch;
			productReference = DEDA58C71CA2FDAB004999E8 /* 3DTouch.app */;
			productType = "com.apple.product-type.application";
		};
		DEDA58DF1CA2FDAB004999E8 /* 3DTouchTests */ = {
			isa = PBXNativeTarget;
			buildConfigurationList = DEDA58F71CA2FDAB004999E8 /* Build configuration list for PBXNativeTarget "3DTouchTests" */;
			buildPhases = (
				DEDA58DC1CA2FDAB004999E8 /* Sources */,
				DEDA58DD1CA2FDAB004999E8 /* Frameworks */,
				DEDA58DE1CA2FDAB004999E8 /* Resources */,
			);
			buildRules = (
			);
			dependencies = (
				DEDA58E21CA2FDAB004999E8 /* PBXTargetDependency */,
			);
			name = 3DTouchTests;
			productName = 3DTouchTests;
			productReference = DEDA58E01CA2FDAB004999E8 /* 3DTouchTests.xctest */;
			productType = "com.apple.product-type.bundle.unit-test";
		};
		DEDA58EA1CA2FDAB004999E8 /* 3DTouchUITests */ = {
			isa = PBXNativeTarget;
			buildConfigurationList = DEDA58FA1CA2FDAB004999E8 /* Build configuration list for PBXNativeTarget "3DTouchUITests" */;
			buildPhases = (
				DEDA58E71CA2FDAB004999E8 /* Sources */,
				DEDA58E81CA2FDAB004999E8 /* Frameworks */,
				DEDA58E91CA2FDAB004999E8 /* Resources */,
			);
			buildRules = (
			);
			dependencies = (
				DEDA58ED1CA2FDAB004999E8 /* PBXTargetDependency */,
			);
			name = 3DTouchUITests;
			productName = 3DTouchUITests;
			productReference = DEDA58EB1CA2FDAB004999E8 /* 3DTouchUITests.xctest */;
			productType = "com.apple.product-type.bundle.ui-testing";
		};
/* End PBXNativeTarget section */

/* Begin PBXProject section */
		DEDA58BF1CA2FDAB004999E8 /* Project object */ = {
			isa = PBXProject;
			attributes = {
				LastUpgradeCheck = 0720;
				ORGANIZATIONNAME = alpha;
				TargetAttributes = {
					DEDA58C61CA2FDAB004999E8 = {
						CreatedOnToolsVersion = 7.2.1;
					};
					DEDA58DF1CA2FDAB004999E8 = {
						CreatedOnToolsVersion = 7.2.1;
						TestTargetID = DEDA58C61CA2FDAB004999E8;
					};
					DEDA58EA1CA2FDAB004999E8 = {
						CreatedOnToolsVersion = 7.2.1;
						TestTargetID = DEDA58C61CA2FDAB004999E8;
					};
				};
			};
			buildConfigurationList = DEDA58C21CA2FDAB004999E8 /* Build configuration list for PBXProject "3DTouch" */;
			compatibilityVersion = "Xcode 3.2";
			developmentRegion = English;
			hasScannedForEncodings = 0;
			knownRegions = (
				en,
				Base,
			);
			mainGroup = DEDA58BE1CA2FDAB004999E8;
			productRefGroup = DEDA58C81CA2FDAB004999E8 /* Products */;
			projectDirPath = "";
			projectRoot = "";
			targets = (
				DEDA58C61CA2FDAB004999E8 /* 3DTouch */,
				DEDA58DF1CA2FDAB004999E8 /* 3DTouchTests */,
				DEDA58EA1CA2FDAB004999E8 /* 3DTouchUITests */,
			);
		};
/* End PBXProject section */

/* Begin PBXResourcesBuildPhase section */
		DEDA58C51CA2FDAB004999E8 /* Resources */ = {
			isa = PBXResourcesBuildPhase;
			buildActionMask = 2147483647;
			files = (
				DEDA58DA1CA2FDAB004999E8 /* LaunchScreen.storyboard in Resources */,
				DEDA58D71CA2FDAB004999E8 /* Assets.xcassets in Resources */,
				DEDA58D51CA2FDAB004999E8 /* Main.storyboard in Resources */,
			);
			runOnlyForDeploymentPostprocessing = 0;
		};
		DEDA58DE1CA2FDAB004999E8 /* Resources */ = {
			isa = PBXResourcesBuildPhase;
			buildActionMask = 2147483647;
			files = (
			);
			runOnlyForDeploymentPostprocessing = 0;
		};
		DEDA58E91CA2FDAB004999E8 /* Resources */ = {
			isa = PBXResourcesBuildPhase;
			buildActionMask = 2147483647;
			files = (
			);
			runOnlyForDeploymentPostprocessing = 0;
		};
/* End PBXResourcesBuildPhase section */

/* Begin PBXSourcesBuildPhase section */
		DEDA58C31CA2FDAB004999E8 /* Sources */ = {
			isa = PBXSourcesBuildPhase;
			buildActionMask = 2147483647;
			files = (
				DEDA58D21CA2FDAB004999E8 /* ViewController.m in Sources */,
				DEDA58CF1CA2FDAB004999E8 /* AppDelegate.m in Sources */,
				DEDA58CC1CA2FDAB004999E8 /* main.m in Sources */,
			);
			runOnlyForDeploymentPostprocessing = 0;
		};
		DEDA58DC1CA2FDAB004999E8 /* Sources */ = {
			isa = PBXSourcesBuildPhase;
			buildActionMask = 2147483647;
			files = (
				DEDA58E51CA2FDAB004999E8 /* _DTouchTests.m in Sources */,
			);
			runOnlyForDeploymentPostprocessing = 0;
		};
		DEDA58E71CA2FDAB004999E8 /* Sources */ = {
			isa = PBXSourcesBuildPhase;
			buildActionMask = 2147483647;
			files = (
				DEDA58F01CA2FDAB004999E8 /* _DTouchUITests.m in Sources */,
			);
			runOnlyForDeploymentPostprocessing = 0;
		};
/* End PBXSourcesBuildPhase section */

/* Begin PBXTargetDependency section */
		DEDA58E21CA2FDAB004999E8 /* PBXTargetDependency */ = {
			isa = PBXTargetDependency;
			target = DEDA58C61CA2FDAB004999E8 /* 3DTouch */;
			targetProxy = DEDA58E11CA2FDAB004999E8 /* PBXContainerItemProxy */;
		};
		DEDA58ED1CA2FDAB004999E8 /* PBXTargetDependency */ = {
			isa = PBXTargetDependency;
			target = DEDA58C61CA2FDAB004999E8 /* 3DTouch */;
			targetProxy = DEDA58EC1CA2FDAB004999E8 /* PBXContainerItemProxy */;
		};
/* End PBXTargetDependency section */

/* Begin PBXVariantGroup section */
		DEDA58D31CA2FDAB004999E8 /* Main.storyboard */ = {
			isa = PBXVariantGroup;
			children = (
				DEDA58D41CA2FDAB004999E8 /* Base */,
			);
			name = Main.storyboard;
			sourceTree = "<group>";
		};
		DEDA58D81CA2FDAB004999E8 /* LaunchScreen.storyboard */ = {
			isa = PBXVariantGroup;
			children = (
				DEDA58D91CA2FDAB004999E8 /* Base */,
			);
			name = LaunchScreen.storyboard;
			sourceTree = "<group>";
		};
/* End PBXVariantGroup section */

/* Begin XCBuildConfiguration section */
		DEDA58F21CA2FDAB004999E8 /* Debug */ = {
			isa = XCBuildConfiguration;
			buildSettings = {
				ALWAYS_SEARCH_USER_PATHS = NO;
				CLANG_CXX_LANGUAGE_STANDARD = "gnu++0x";
				CLANG_CXX_LIBRARY = "libc++";
				CLANG_ENABLE_MODULES = YES;
				CLANG_ENABLE_OBJC_ARC = YES;
				CLANG_WARN_BOOL_CONVERSION = YES;
				CLANG_WARN_CONSTANT_CONVERSION = YES;
				CLANG_WARN_DIRECT_OBJC_ISA_USAGE = YES_ERROR;
				CLANG_WARN_EMPTY_BODY = YES;
				CLANG_WARN_ENUM_CONVERSION = YES;
				CLANG_WARN_INT_CONVERSION = YES;
				CLANG_WARN_OBJC_ROOT_CLASS = YES_ERROR;
				CLANG_WARN_UNREACHABLE_CODE = YES;
				CLANG_WARN__DUPLICATE_METHOD_MATCH = YES;
				"CODE_SIGN_IDENTITY[sdk=iphoneos*]" = "iPhone Developer";
				COPY_PHASE_STRIP = NO;
				DEBUG_INFORMATION_FORMAT = dwarf;
				ENABLE_STRICT_OBJC_MSGSEND = YES;
				ENABLE_TESTABILITY = YES;
				GCC_C_LANGUAGE_STANDARD = gnu99;
				GCC_DYNAMIC_NO_PIC = NO;
				GCC_NO_COMMON_BLOCKS = YES;
				GCC_OPTIMIZATION_LEVEL = 0;
				GCC_PREPROCESSOR_DEFINITIONS = (
					"DEBUG=1",
					"$(inherited)",
				);
				GCC_WARN_64_TO_32_BIT_CONVERSION = YES;
				GCC_WARN_ABOUT_RETURN_TYPE = YES_ERROR;
				GCC_WARN_UNDECLARED_SELECTOR = YES;
				GCC_WARN_UNINITIALIZED_AUTOS = YES_AGGRESSIVE;
				GCC_WARN_UNUSED_FUNCTION = YES;
				GCC_WARN_UNUSED_VARIABLE = YES;
				IPHONEOS_DEPLOYMENT_TARGET = 9.2;
				MTL_ENABLE_DEBUG_INFO = YES;
				ONLY_ACTIVE_ARCH = YES;
				SDKROOT = iphoneos;
				TARGETED_DEVICE_FAMILY = "1,2";
			};
			name = Debug;
		};
		DEDA58F31CA2FDAB004999E8 /* Release */ = {
			isa = XCBuildConfiguration;
			buildSettings = {
				ALWAYS_SEARCH_USER_PATHS = NO;
				CLANG_CXX_LANGUAGE_STANDARD = "gnu++0x";
				CLANG_CXX_LIBRARY = "libc++";
				CLANG_ENABLE_MODULES = YES;
				CLANG_ENABLE_OBJC_ARC = YES;
				CLANG_WARN_BOOL_CONVERSION = YES;
				CLANG_WARN_CONSTANT_CONVERSION = YES;
				CLANG_WARN_DIRECT_OBJC_ISA_USAGE = YES_ERROR;
				CLANG_WARN_EMPTY_BODY = YES;
				CLANG_WARN_ENUM_CONVERSION = YES;
				CLANG_WARN_INT_CONVERSION = YES;
				CLANG_WARN_OBJC_ROOT_CLASS = YES_ERROR;
				CLANG_WARN_UNREACHABLE_CODE = YES;
				CLANG_WARN__DUPLICATE_METHOD_MATCH = YES;
				"CODE_SIGN_IDENTITY[sdk=iphoneos*]" = "iPhone Developer";
				COPY_PHASE_STRIP = NO;
				DEBUG_INFORMATION_FORMAT = "dwarf-with-dsym";
				ENABLE_NS_ASSERTIONS = NO;
				ENABLE_STRICT_OBJC_MSGSEND = YES;
				GCC_C_LANGUAGE_STANDARD = gnu99;
				GCC_NO_COMMON_BLOCKS = YES;
				GCC_WARN_64_TO_32_BIT_CONVERSION = YES;
				GCC_WARN_ABOUT_RETURN_TYPE = YES_ERROR;
				GCC_WARN_UNDECLARED_SELECTOR = YES;
				GCC_WARN_UNINITIALIZED_AUTOS = YES_AGGRESSIVE;
				GCC_WARN_UNUSED_FUNCTION = YES;
				GCC_WARN_UNUSED_VARIABLE = YES;
				IPHONEOS_DEPLOYMENT_TARGET = 9.2;
				MTL_ENABLE_DEBUG_INFO = NO;
				SDKROOT = iphoneos;
				TARGETED_DEVICE_FAMILY = "1,2";
				VALIDATE_PRODUCT = YES;
			};
			name = Release;
		};
		DEDA58F51CA2FDAB004999E8 /* Debug */ = {
			isa = XCBuildConfiguration;
			buildSettings = {
				ASSETCATALOG_COMPILER_APPICON_NAME = AppIcon;
				INFOPLIST_FILE = 3DTouch/Info.plist;
				IPHONEOS_DEPLOYMENT_TARGET = 8.0;
				LD_RUNPATH_SEARCH_PATHS = "$(inherited) @executable_path/Frameworks";
				PRODUCT_BUNDLE_IDENTIFIER = "com.alpha.-DTouch";
				PRODUCT_NAME = "$(TARGET_NAME)";
			};
			name = Debug;
		};
		DEDA58F61CA2FDAB004999E8 /* Release */ = {
			isa = XCBuildConfiguration;
			buildSettings = {
				ASSETCATALOG_COMPILER_APPICON_NAME = AppIcon;
				INFOPLIST_FILE = 3DTouch/Info.plist;
				IPHONEOS_DEPLOYMENT_TARGET = 8.0;
				LD_RUNPATH_SEARCH_PATHS = "$(inherited) @executable_path/Frameworks";
				PRODUCT_BUNDLE_IDENTIFIER = "com.alpha.-DTouch";
				PRODUCT_NAME = "$(TARGET_NAME)";
			};
			name = Release;
		};
		DEDA58F81CA2FDAB004999E8 /* Debug */ = {
			isa = XCBuildConfiguration;
			buildSettings = {
				BUNDLE_LOADER = "$(TEST_HOST)";
				INFOPLIST_FILE = 3DTouchTests/Info.plist;
				LD_RUNPATH_SEARCH_PATHS = "$(inherited) @executable_path/Frameworks @loader_path/Frameworks";
				PRODUCT_BUNDLE_IDENTIFIER = "com.alpha.-DTouchTests";
				PRODUCT_NAME = "$(TARGET_NAME)";
				TEST_HOST = "$(BUILT_PRODUCTS_DIR)/3DTouch.app/3DTouch";
			};
			name = Debug;
		};
		DEDA58F91CA2FDAB004999E8 /* Release */ = {
			isa = XCBuildConfiguration;
			buildSettings = {
				BUNDLE_LOADER = "$(TEST_HOST)";
				INFOPLIST_FILE = 3DTouchTests/Info.plist;
				LD_RUNPATH_SEARCH_PATHS = "$(inherited) @executable_path/Frameworks @loader_path/Frameworks";
				PRODUCT_BUNDLE_IDENTIFIER = "com.alpha.-DTouchTests";
				PRODUCT_NAME = "$(TARGET_NAME)";
				TEST_HOST = "$(BUILT_PRODUCTS_DIR)/3DTouch.app/3DTouch";
			};
			name = Release;
		};
		DEDA58FB1CA2FDAB004999E8 /* Debug */ = {
			isa = XCBuildConfiguration;
			buildSettings = {
				INFOPLIST_FILE = 3DTouchUITests/Info.plist;
				LD_RUNPATH_SEARCH_PATHS = "$(inherited) @executable_path/Frameworks @loader_path/Frameworks";
				PRODUCT_BUNDLE_IDENTIFIER = "com.alpha.-DTouchUITests";
				PRODUCT_NAME = "$(TARGET_NAME)";
				TEST_TARGET_NAME = 3DTouch;
				USES_XCTRUNNER = YES;
			};
			name = Debug;
		};
		DEDA58FC1CA2FDAB004999E8 /* Release */ = {
			isa = XCBuildConfiguration;
			buildSettings = {
				INFOPLIST_FILE = 3DTouchUITests/Info.plist;
				LD_RUNPATH_SEARCH_PATHS = "$(inherited) @executable_path/Frameworks @loader_path/Frameworks";
				PRODUCT_BUNDLE_IDENTIFIER = "com.alpha.-DTouchUITests";
				PRODUCT_NAME = "$(TARGET_NAME)";
				TEST_TARGET_NAME = 3DTouch;
				USES_XCTRUNNER = YES;
			};
			name = Release;
		};
/* End XCBuildConfiguration section */

/* Begin XCConfigurationList section */
		DEDA58C21CA2FDAB004999E8 /* Build configuration list for PBXProject "3DTouch" */ = {
			isa = XCConfigurationList;
			buildConfigurations = (
				DEDA58F21CA2FDAB004999E8 /* Debug */,
				DEDA58F31CA2FDAB004999E8 /* Release */,
			);
			defaultConfigurationIsVisible = 0;
			defaultConfigurationName = Release;
		};
		DEDA58F41CA2FDAB004999E8 /* Build configuration list for PBXNativeTarget "3DTouch" */ = {
			isa = XCConfigurationList;
			buildConfigurations = (
				DEDA58F51CA2FDAB004999E8 /* Debug */,
				DEDA58F61CA2FDAB004999E8 /* Release */,
			);
			defaultConfigurationIsVisible = 0;
			defaultConfigurationName = Release;
		};
		DEDA58F71CA2FDAB004999E8 /* Build configuration list for PBXNativeTarget "3DTouchTests" */ = {
			isa = XCConfigurationList;
			buildConfigurations = (
				DEDA58F81CA2FDAB004999E8 /* Debug */,
				DEDA58F91CA2FDAB004999E8 /* Release */,
			);
			defaultConfigurationIsVisible = 0;
			defaultConfigurationName = Release;
		};
		DEDA58FA1CA2FDAB004999E8 /* Build configuration list for PBXNativeTarget "3DTouchUITests" */ = {
			isa = XCConfigurationList;
			buildConfigurations = (
				DEDA58FB1CA2FDAB004999E8 /* Debug */,
				DEDA58FC1CA2FDAB004999E8 /* Release */,
			);
			defaultConfigurationIsVisible = 0;
			defaultConfigurationName = Release;
		};
/* End XCConfigurationList section */
	};
	rootObject = DEDA58BF1CA2FDAB004999E8 /* Project object */;
}
